
Microsoft Visual Studio Solution File, Format Version 12.00
# Visual Studio 2013
VisualStudioVersion = 12.0.40629.0
MinimumVisualStudioVersion = 10.0.40219.1
Project("{2150E333-8FDC-42A3-9474-1A3956D46DE8}") = "Share", "Share", "{D75189BD-0FDA-4135-A8EE-493500BB7A93}"
EndProject
Project("{FAE04EC0-301F-11D3-BF4B-00C04F79EFBC}") = "SinsAirport", "SinsAirport\SinsAirport.csproj", "{0D23757D-5936-4635-B115-FD1D0884A3A3}"
EndProject
Project("{FAE04EC0-301F-11D3-BF4B-00C04F79EFBC}") = "Detect", "Detect\Detect.csproj", "{C109BA47-B375-412C-AEFF-1CF41142888A}"
EndProject
Project("{FAE04EC0-301F-11D3-BF4B-00C04F79EFBC}") = "Helper", "Log\Helper.csproj", "{A0A78484-8359-4BE9-9092-B7D3245ACB6A}"
EndProject
Project("{FAE04EC0-301F-11D3-BF4B-00C04F79EFBC}") = "Sins.Video.Camera", "Sins.Video.Camera\Sins.Video.Camera.csproj", "{64E1303F-A223-487C-A87D-DA1E56CCBF93}"
EndProject
Global
	GlobalSection(SolutionConfigurationPlatforms) = preSolution
		Debug|Any CPU = Debug|Any CPU
		Release|Any CPU = Release|Any CPU
	EndGlobalSection
	GlobalSection(ProjectConfigurationPlatforms) = postSolution
		{0D23757D-5936-4635-B115-FD1D0884A3A3}.Debug|Any CPU.ActiveCfg = Debug|Any CPU
		{0D23757D-5936-4635-B115-FD1D0884A3A3}.Debug|Any CPU.Build.0 = Debug|Any CPU
		{0D23757D-5936-4635-B115-FD1D0884A3A3}.Release|Any CPU.ActiveCfg = Release|Any CPU
		{0D23757D-5936-4635-B115-FD1D0884A3A3}.Release|Any CPU.Build.0 = Release|Any CPU
		{C109BA47-B375-412C-AEFF-1CF41142888A}.Debug|Any CPU.ActiveCfg = Debug|Any CPU
		{C109BA47-B375-412C-AEFF-1CF41142888A}.Debug|Any CPU.Build.0 = Debug|Any CPU
		{C109BA47-B375-412C-AEFF-1CF41142888A}.Release|Any CPU.ActiveCfg = Release|Any CPU
		{C109BA47-B375-412C-AEFF-1CF41142888A}.Release|Any CPU.Build.0 = Release|Any CPU
		{A0A78484-8359-4BE9-9092-B7D3245ACB6A}.Debug|Any CPU.ActiveCfg = Debug|Any CPU
		{A0A78484-8359-4BE9-9092-B7D3245ACB6A}.Debug|Any CPU.Build.0 = Debug|Any CPU
		{A0A78484-8359-4BE9-9092-B7D3245ACB6A}.Release|Any CPU.ActiveCfg = Release|Any CPU
		{A0A78484-8359-4BE9-9092-B7D3245ACB6A}.Release|Any CPU.Build.0 = Release|Any CPU
		{64E1303F-A223-487C-A87D-DA1E56CCBF93}.Debug|Any CPU.ActiveCfg = Debug|Any CPU
		{64E1303F-A223-487C-A87D-DA1E56CCBF93}.Debug|Any CPU.Build.0 = Debug|Any CPU
		{64E1303F-A223-487C-A87D-DA1E56CCBF93}.Release|Any CPU.ActiveCfg = Release|Any CPU
		{64E1303F-A223-487C-A87D-DA1E56CCBF93}.Release|Any CPU.Build.0 = Release|Any CPU
	EndGlobalSection
	GlobalSection(SolutionProperties) = preSolution
		HideSolutionNode = FALSE
	EndGlobalSection
	GlobalSection(NestedProjects) = preSolution
		{A0A78484-8359-4BE9-9092-B7D3245ACB6A} = {D75189BD-0FDA-4135-A8EE-493500BB7A93}
		{64E1303F-A223-487C-A87D-DA1E56CCBF93} = {D75189BD-0FDA-4135-A8EE-493500BB7A93}
	EndGlobalSection
EndGlobal
