
Microsoft Visual Studio Solution File, Format Version 12.00
# Visual Studio 2013
VisualStudioVersion = 12.0.40629.0
MinimumVisualStudioVersion = 10.0.40219.1
Project("{2150E333-8FDC-42A3-9474-1A3956D46DE8}") = "Share", "Share", "{D75189BD-0FDA-4135-A8EE-493500BB7A93}"
EndProject
Project("{FAE04EC0-301F-11D3-BF4B-00C04F79EFBC}") = "SinsAirport", "SinsAirport\SinsAirport.csproj", "{0D23757D-5936-4635-B115-FD1D0884A3A3}"
EndProject
Project("{FAE04EC0-301F-11D3-BF4B-00C04F79EFBC}") = "Detect", "Detect\Detect.csproj", "{C109BA47-B375-412C-AEFF-1CF41142888A}"
EndProject
Project("{FAE04EC0-301F-11D3-BF4B-00C04F79EFBC}") = "Helper", "Log\Helper.csproj", "{A0A78484-8359-4BE9-9092-B7D3245ACB6A}"
EndProject
Project("{FAE04EC0-301F-11D3-BF4B-00C04F79EFBC}") = "Sins.Video.Camera", "Sins.Video.Camera\Sins.Video.Camera.csproj", "{64E1303F-A223-487C-A87D-DA1E56CCBF93}"
EndProject
Project("{8BC9CEB8-8B4A-11D0-8D11-00A0C91BC942}") = "DetectDLL", "DetectDLL\DetectDLL.vcxproj", "{F6089676-41AE-40B5-9080-6AE52A92B44A}"
EndProject
Global
	GlobalSection(SolutionConfigurationPlatforms) = preSolution
		Debug|x64 = Debug|x64
		Release|x64 = Release|x64
	EndGlobalSection
	GlobalSection(ProjectConfigurationPlatforms) = postSolution
		{0D23757D-5936-4635-B115-FD1D0884A3A3}.Debug|x64.ActiveCfg = Debug|x64
		{0D23757D-5936-4635-B115-FD1D0884A3A3}.Debug|x64.Build.0 = Debug|x64
		{0D23757D-5936-4635-B115-FD1D0884A3A3}.Release|x64.ActiveCfg = Release|x64
		{0D23757D-5936-4635-B115-FD1D0884A3A3}.Release|x64.Build.0 = Release|x64
		{C109BA47-B375-412C-AEFF-1CF41142888A}.Debug|x64.ActiveCfg = Debug|x64
		{C109BA47-B375-412C-AEFF-1CF41142888A}.Debug|x64.Build.0 = Debug|x64
		{C109BA47-B375-412C-AEFF-1CF41142888A}.Release|x64.ActiveCfg = Release|x64
		{C109BA47-B375-412C-AEFF-1CF41142888A}.Release|x64.Build.0 = Release|x64
		{A0A78484-8359-4BE9-9092-B7D3245ACB6A}.Debug|x64.ActiveCfg = Debug|x64
		{A0A78484-8359-4BE9-9092-B7D3245ACB6A}.Debug|x64.Build.0 = Debug|x64
		{A0A78484-8359-4BE9-9092-B7D3245ACB6A}.Release|x64.ActiveCfg = Release|x64
		{A0A78484-8359-4BE9-9092-B7D3245ACB6A}.Release|x64.Build.0 = Release|x64
		{64E1303F-A223-487C-A87D-DA1E56CCBF93}.Debug|x64.ActiveCfg = Debug|x64
		{64E1303F-A223-487C-A87D-DA1E56CCBF93}.Debug|x64.Build.0 = Debug|x64
		{64E1303F-A223-487C-A87D-DA1E56CCBF93}.Release|x64.ActiveCfg = Release|x64
		{64E1303F-A223-487C-A87D-DA1E56CCBF93}.Release|x64.Build.0 = Release|x64
		{F6089676-41AE-40B5-9080-6AE52A92B44A}.Debug|x64.ActiveCfg = Debug|x64
		{F6089676-41AE-40B5-9080-6AE52A92B44A}.Debug|x64.Build.0 = Debug|x64
		{F6089676-41AE-40B5-9080-6AE52A92B44A}.Release|x64.ActiveCfg = Release|x64
		{F6089676-41AE-40B5-9080-6AE52A92B44A}.Release|x64.Build.0 = Release|x64
	EndGlobalSection
	GlobalSection(SolutionProperties) = preSolution
		HideSolutionNode = FALSE
	EndGlobalSection
	GlobalSection(NestedProjects) = preSolution
		{A0A78484-8359-4BE9-9092-B7D3245ACB6A} = {D75189BD-0FDA-4135-A8EE-493500BB7A93}
		{64E1303F-A223-487C-A87D-DA1E56CCBF93} = {D75189BD-0FDA-4135-A8EE-493500BB7A93}
	EndGlobalSection
EndGlobal
